
Microsoft Visual Studio Solution File, Format Version 12.00
# Visual Studio Version 17
VisualStudioVersion = 17.11.35312.102
MinimumVisualStudioVersion = 10.0.40219.1
Project("{FAE04EC0-301F-11D3-BF4B-00C04F79EFBC}") = "PictureViewer", "PictureViewer.csproj", "{8205F36B-3B5A-4458-AF1B-8CAD40C6E639}"
EndProject
Global
	GlobalSection(SolutionConfigurationPlatforms) = preSolution
		Debug|Any CPU = Debug|Any CPU
		Release|Any CPU = Release|Any CPU
	EndGlobalSection
	GlobalSection(ProjectConfigurationPlatforms) = postSolution
		{8205F36B-3B5A-4458-AF1B-8CAD40C6E639}.Debug|Any CPU.ActiveCfg = Debug|Any CPU
		{8205F36B-3B5A-4458-AF1B-8CAD40C6E639}.Debug|Any CPU.Build.0 = Debug|Any CPU
		{8205F36B-3B5A-4458-AF1B-8CAD40C6E639}.Release|Any CPU.ActiveCfg = Release|Any CPU
		{8205F36B-3B5A-4458-AF1B-8CAD40C6E639}.Release|Any CPU.Build.0 = Release|Any CPU
	EndGlobalSection
	GlobalSection(SolutionProperties) = preSolution
		HideSolutionNode = FALSE
	EndGlobalSection
	GlobalSection(ExtensibilityGlobals) = postSolution
		SolutionGuid = {066D1C46-466A-46BD-A2FC-6C4B23A2BF3F}
	EndGlobalSection
EndGlobal
